
Microsoft Visual Studio Solution File, Format Version 12.00
# Visual Studio 15
VisualStudioVersion = 15.0.28010.2036
MinimumVisualStudioVersion = 10.0.40219.1
Project("{2150E333-8FDC-42A3-9474-1A3956D46DE8}") = "01 Server", "01 Server", "{5CB60B28-5280-49B8-A8C6-D83560D65900}"
EndProject
Project("{2150E333-8FDC-42A3-9474-1A3956D46DE8}") = "04 Model", "04 Model", "{D3B4D3B3-6D60-4CEC-880A-6D288D88EE43}"
EndProject
Project("{2150E333-8FDC-42A3-9474-1A3956D46DE8}") = "02 Service", "02 Service", "{C5429FCE-C29A-4F49-B715-CF06CF23BC55}"
EndProject
Project("{2150E333-8FDC-42A3-9474-1A3956D46DE8}") = "03 Repository", "03 Repository", "{EC3301B7-8A0D-4FA4-87BE-0288644D04C5}"
EndProject
Project("{FAE04EC0-301F-11D3-BF4B-00C04F79EFBC}") = "LMS.Service", "LMS.Service\LMS.Service.csproj", "{73212EBB-355E-401D-969B-6205104E1FEF}"
EndProject
Project("{FAE04EC0-301F-11D3-BF4B-00C04F79EFBC}") = "LMS.Model", "LMS.Model\LMS.Model.csproj", "{06B6503B-B2F6-458F-BF26-45CF7B51267B}"
EndProject
Project("{FAE04EC0-301F-11D3-BF4B-00C04F79EFBC}") = "LMS.ViewModel", "LMS.ViewModel\LMS.ViewModel.csproj", "{4C74473A-A7A0-4F20-A6C2-421627ED4224}"
EndProject
Project("{FAE04EC0-301F-11D3-BF4B-00C04F79EFBC}") = "LMS.RequestModel", "LMS.RequestModel\LMS.RequestModel.csproj", "{3EF8D065-A017-443D-B3E6-C69780936A99}"
EndProject
Project("{FAE04EC0-301F-11D3-BF4B-00C04F79EFBC}") = "LMS.Repository", "LMS.Repository\LMS.Repository.csproj", "{BA6690C2-D5F5-4952-8FD6-5DC3F7E10977}"
EndProject
Project("{FAE04EC0-301F-11D3-BF4B-00C04F79EFBC}") = "LMSAPI", "LMSAPI\LMSAPI.csproj", "{F2EAE734-8EF4-4FDD-BA57-631B52BC0AE8}"
EndProject
Global
	GlobalSection(SolutionConfigurationPlatforms) = preSolution
		Debug|Any CPU = Debug|Any CPU
		Release|Any CPU = Release|Any CPU
	EndGlobalSection
	GlobalSection(ProjectConfigurationPlatforms) = postSolution
		{73212EBB-355E-401D-969B-6205104E1FEF}.Debug|Any CPU.ActiveCfg = Debug|Any CPU
		{73212EBB-355E-401D-969B-6205104E1FEF}.Debug|Any CPU.Build.0 = Debug|Any CPU
		{73212EBB-355E-401D-969B-6205104E1FEF}.Release|Any CPU.ActiveCfg = Release|Any CPU
		{73212EBB-355E-401D-969B-6205104E1FEF}.Release|Any CPU.Build.0 = Release|Any CPU
		{06B6503B-B2F6-458F-BF26-45CF7B51267B}.Debug|Any CPU.ActiveCfg = Debug|Any CPU
		{06B6503B-B2F6-458F-BF26-45CF7B51267B}.Debug|Any CPU.Build.0 = Debug|Any CPU
		{06B6503B-B2F6-458F-BF26-45CF7B51267B}.Release|Any CPU.ActiveCfg = Release|Any CPU
		{06B6503B-B2F6-458F-BF26-45CF7B51267B}.Release|Any CPU.Build.0 = Release|Any CPU
		{4C74473A-A7A0-4F20-A6C2-421627ED4224}.Debug|Any CPU.ActiveCfg = Debug|Any CPU
		{4C74473A-A7A0-4F20-A6C2-421627ED4224}.Debug|Any CPU.Build.0 = Debug|Any CPU
		{4C74473A-A7A0-4F20-A6C2-421627ED4224}.Release|Any CPU.ActiveCfg = Release|Any CPU
		{4C74473A-A7A0-4F20-A6C2-421627ED4224}.Release|Any CPU.Build.0 = Release|Any CPU
		{3EF8D065-A017-443D-B3E6-C69780936A99}.Debug|Any CPU.ActiveCfg = Debug|Any CPU
		{3EF8D065-A017-443D-B3E6-C69780936A99}.Debug|Any CPU.Build.0 = Debug|Any CPU
		{3EF8D065-A017-443D-B3E6-C69780936A99}.Release|Any CPU.ActiveCfg = Release|Any CPU
		{3EF8D065-A017-443D-B3E6-C69780936A99}.Release|Any CPU.Build.0 = Release|Any CPU
		{BA6690C2-D5F5-4952-8FD6-5DC3F7E10977}.Debug|Any CPU.ActiveCfg = Debug|Any CPU
		{BA6690C2-D5F5-4952-8FD6-5DC3F7E10977}.Debug|Any CPU.Build.0 = Debug|Any CPU
		{BA6690C2-D5F5-4952-8FD6-5DC3F7E10977}.Release|Any CPU.ActiveCfg = Release|Any CPU
		{BA6690C2-D5F5-4952-8FD6-5DC3F7E10977}.Release|Any CPU.Build.0 = Release|Any CPU
		{F2EAE734-8EF4-4FDD-BA57-631B52BC0AE8}.Debug|Any CPU.ActiveCfg = Debug|Any CPU
		{F2EAE734-8EF4-4FDD-BA57-631B52BC0AE8}.Debug|Any CPU.Build.0 = Debug|Any CPU
		{F2EAE734-8EF4-4FDD-BA57-631B52BC0AE8}.Release|Any CPU.ActiveCfg = Release|Any CPU
		{F2EAE734-8EF4-4FDD-BA57-631B52BC0AE8}.Release|Any CPU.Build.0 = Release|Any CPU
	EndGlobalSection
	GlobalSection(SolutionProperties) = preSolution
		HideSolutionNode = FALSE
	EndGlobalSection
	GlobalSection(NestedProjects) = preSolution
		{73212EBB-355E-401D-969B-6205104E1FEF} = {C5429FCE-C29A-4F49-B715-CF06CF23BC55}
		{06B6503B-B2F6-458F-BF26-45CF7B51267B} = {D3B4D3B3-6D60-4CEC-880A-6D288D88EE43}
		{4C74473A-A7A0-4F20-A6C2-421627ED4224} = {D3B4D3B3-6D60-4CEC-880A-6D288D88EE43}
		{3EF8D065-A017-443D-B3E6-C69780936A99} = {D3B4D3B3-6D60-4CEC-880A-6D288D88EE43}
		{BA6690C2-D5F5-4952-8FD6-5DC3F7E10977} = {EC3301B7-8A0D-4FA4-87BE-0288644D04C5}
		{F2EAE734-8EF4-4FDD-BA57-631B52BC0AE8} = {5CB60B28-5280-49B8-A8C6-D83560D65900}
	EndGlobalSection
	GlobalSection(ExtensibilityGlobals) = postSolution
		SolutionGuid = {BD95C869-7A17-4AB9-AB9C-8066F230A4F1}
	EndGlobalSection
EndGlobal
